
Microsoft Visual Studio Solution File, Format Version 12.00
# Visual Studio 14
VisualStudioVersion = 14.0.25420.1
MinimumVisualStudioVersion = 10.0.40219.1
Project("{8BB2217D-0F2D-49D1-97BC-3654ED321F3B}") = "Coolector.Services.Operations", "Coolector.Services.Operations\Coolector.Services.Operations.xproj", "{5925CD86-5BC3-4E03-93F6-FE70B1E6C3AC}"
EndProject
Project("{8BB2217D-0F2D-49D1-97BC-3654ED321F3B}") = "Coolector.Services.Operations.Tests", "..\Coolector.Services.Operations.Tests\Coolector.Services.Operations.Tests.xproj", "{858A3BCB-F837-4346-88D8-AB1C5F8AE42E}"
EndProject
Project("{8BB2217D-0F2D-49D1-97BC-3654ED321F3B}") = "Coolector.Services.Operations.Tests.EndToEnd", "Coolector.Services.Operations.Tests.EndToEnd\Coolector.Services.Operations.Tests.EndToEnd.xproj", "{74BF865B-C112-4EBA-A758-2779DA8B6153}"
EndProject
Global
	GlobalSection(SolutionConfigurationPlatforms) = preSolution
		Debug|Any CPU = Debug|Any CPU
		Release|Any CPU = Release|Any CPU
	EndGlobalSection
	GlobalSection(ProjectConfigurationPlatforms) = postSolution
		{5925CD86-5BC3-4E03-93F6-FE70B1E6C3AC}.Debug|Any CPU.ActiveCfg = Debug|Any CPU
		{5925CD86-5BC3-4E03-93F6-FE70B1E6C3AC}.Debug|Any CPU.Build.0 = Debug|Any CPU
		{5925CD86-5BC3-4E03-93F6-FE70B1E6C3AC}.Release|Any CPU.ActiveCfg = Release|Any CPU
		{5925CD86-5BC3-4E03-93F6-FE70B1E6C3AC}.Release|Any CPU.Build.0 = Release|Any CPU
		{858A3BCB-F837-4346-88D8-AB1C5F8AE42E}.Debug|Any CPU.ActiveCfg = Debug|Any CPU
		{858A3BCB-F837-4346-88D8-AB1C5F8AE42E}.Debug|Any CPU.Build.0 = Debug|Any CPU
		{858A3BCB-F837-4346-88D8-AB1C5F8AE42E}.Release|Any CPU.ActiveCfg = Release|Any CPU
		{858A3BCB-F837-4346-88D8-AB1C5F8AE42E}.Release|Any CPU.Build.0 = Release|Any CPU
		{74BF865B-C112-4EBA-A758-2779DA8B6153}.Debug|Any CPU.ActiveCfg = Debug|Any CPU
		{74BF865B-C112-4EBA-A758-2779DA8B6153}.Debug|Any CPU.Build.0 = Debug|Any CPU
		{74BF865B-C112-4EBA-A758-2779DA8B6153}.Release|Any CPU.ActiveCfg = Release|Any CPU
		{74BF865B-C112-4EBA-A758-2779DA8B6153}.Release|Any CPU.Build.0 = Release|Any CPU
	EndGlobalSection
	GlobalSection(SolutionProperties) = preSolution
		HideSolutionNode = FALSE
	EndGlobalSection
EndGlobal
